// !$*UTF8*$!
{
	archiveVersion = 1;
	classes = {
	};
	objectVersion = 46;
	objects = {

/* Begin PBXBuildFile section */
		10537E281A527D35005E6FE0 /* main.m in Sources */ = {isa = PBXBuildFile; fileRef = 10537E271A527D35005E6FE0 /* main.m */; };
		10537E301A527DB4005E6FE0 /* ALGQuicksort.m in Sources */ = {isa = PBXBuildFile; fileRef = 10537E2F1A527DB4005E6FE0 /* ALGQuicksort.m */; };
		105485821A576BFD0093902D /* ALGInsertionSort.m in Sources */ = {isa = PBXBuildFile; fileRef = 105485811A576BFD0093902D /* ALGInsertionSort.m */; };
/* End PBXBuildFile section */

/* Begin PBXCopyFilesBuildPhase section */
		10537E221A527D34005E6FE0 /* CopyFiles */ = {
			isa = PBXCopyFilesBuildPhase;
			buildActionMask = 2147483647;
			dstPath = /usr/share/man/man1/;
			dstSubfolderSpec = 0;
			files = (
			);
			runOnlyForDeploymentPostprocessing = 1;
		};
/* End PBXCopyFilesBuildPhase section */

/* Begin PBXFileReference section */
		10537E241A527D35005E6FE0 /* ALGAlgorithmsEdu */ = {isa = PBXFileReference; explicitFileType = "compiled.mach-o.executable"; includeInIndex = 0; path = ALGAlgorithmsEdu; sourceTree = BUILT_PRODUCTS_DIR; };
		10537E271A527D35005E6FE0 /* main.m */ = {isa = PBXFileReference; lastKnownFileType = sourcecode.c.objc; path = main.m; sourceTree = "<group>"; };
		10537E2E1A527DB4005E6FE0 /* ALGQuicksort.h */ = {isa = PBXFileReference; fileEncoding = 4; lastKnownFileType = sourcecode.c.h; path = ALGQuicksort.h; sourceTree = "<group>"; };
		10537E2F1A527DB4005E6FE0 /* ALGQuicksort.m */ = {isa = PBXFileReference; fileEncoding = 4; lastKnownFileType = sourcecode.c.objc; path = ALGQuicksort.m; sourceTree = "<group>"; };
		105485801A576BFD0093902D /* ALGInsertionSort.h */ = {isa = PBXFileReference; fileEncoding = 4; lastKnownFileType = sourcecode.c.h; path = ALGInsertionSort.h; sourceTree = "<group>"; };
		105485811A576BFD0093902D /* ALGInsertionSort.m */ = {isa = PBXFileReference; fileEncoding = 4; lastKnownFileType = sourcecode.c.objc; path = ALGInsertionSort.m; sourceTree = "<group>"; };
/* End PBXFileReference section */

/* Begin PBXFrameworksBuildPhase section */
		10537E211A527D34005E6FE0 /* Frameworks */ = {
			isa = PBXFrameworksBuildPhase;
			buildActionMask = 2147483647;
			files = (
			);
			runOnlyForDeploymentPostprocessing = 0;
		};
/* End PBXFrameworksBuildPhase section */

/* Begin PBXGroup section */
		10537E1B1A527D34005E6FE0 = {
			isa = PBXGroup;
			children = (
				10537E261A527D35005E6FE0 /* ALGAlgorithmsEdu */,
				10537E251A527D35005E6FE0 /* Products */,
			);
			sourceTree = "<group>";
		};
		10537E251A527D35005E6FE0 /* Products */ = {
			isa = PBXGroup;
			children = (
				10537E241A527D35005E6FE0 /* ALGAlgorithmsEdu */,
			);
			name = Products;
			sourceTree = "<group>";
		};
		10537E261A527D35005E6FE0 /* ALGAlgorithmsEdu */ = {
			isa = PBXGroup;
			children = (
				10537E271A527D35005E6FE0 /* main.m */,
				10537E311A527DBB005E6FE0 /* Algorithms */,
			);
			path = ALGAlgorithmsEdu;
			sourceTree = "<group>";
		};
		10537E311A527DBB005E6FE0 /* Algorithms */ = {
			isa = PBXGroup;
			children = (
				10537E2E1A527DB4005E6FE0 /* ALGQuicksort.h */,
				10537E2F1A527DB4005E6FE0 /* ALGQuicksort.m */,
				105485801A576BFD0093902D /* ALGInsertionSort.h */,
				105485811A576BFD0093902D /* ALGInsertionSort.m */,
			);
			name = Algorithms;
			sourceTree = "<group>";
		};
/* End PBXGroup section */

/* Begin PBXNativeTarget section */
		10537E231A527D34005E6FE0 /* ALGAlgorithmsEdu */ = {
			isa = PBXNativeTarget;
			buildConfigurationList = 10537E2B1A527D35005E6FE0 /* Build configuration list for PBXNativeTarget "ALGAlgorithmsEdu" */;
			buildPhases = (
				10537E201A527D34005E6FE0 /* Sources */,
				10537E211A527D34005E6FE0 /* Frameworks */,
				10537E221A527D34005E6FE0 /* CopyFiles */,
			);
			buildRules = (
			);
			dependencies = (
			);
			name = ALGAlgorithmsEdu;
			productName = ALGAlgorithmsEdu;
			productReference = 10537E241A527D35005E6FE0 /* ALGAlgorithmsEdu */;
			productType = "com.apple.product-type.tool";
		};
/* End PBXNativeTarget section */

/* Begin PBXProject section */
		10537E1C1A527D34005E6FE0 /* Project object */ = {
			isa = PBXProject;
			attributes = {
				LastUpgradeCheck = 0610;
				ORGANIZATIONNAME = "Eric Anderson";
				TargetAttributes = {
					10537E231A527D34005E6FE0 = {
						CreatedOnToolsVersion = 6.1;
					};
				};
			};
			buildConfigurationList = 10537E1F1A527D34005E6FE0 /* Build configuration list for PBXProject "ALGAlgorithmsEdu" */;
			compatibilityVersion = "Xcode 3.2";
			developmentRegion = English;
			hasScannedForEncodings = 0;
			knownRegions = (
				en,
			);
			mainGroup = 10537E1B1A527D34005E6FE0;
			productRefGroup = 10537E251A527D35005E6FE0 /* Products */;
			projectDirPath = "";
			projectRoot = "";
			targets = (
				10537E231A527D34005E6FE0 /* ALGAlgorithmsEdu */,
			);
		};
/* End PBXProject section */

/* Begin PBXSourcesBuildPhase section */
		10537E201A527D34005E6FE0 /* Sources */ = {
			isa = PBXSourcesBuildPhase;
			buildActionMask = 2147483647;
			files = (
				10537E301A527DB4005E6FE0 /* ALGQuicksort.m in Sources */,
				10537E281A527D35005E6FE0 /* main.m in Sources */,
				105485821A576BFD0093902D /* ALGInsertionSort.m in Sources */,
			);
			runOnlyForDeploymentPostprocessing = 0;
		};
/* End PBXSourcesBuildPhase section */

/* Begin XCBuildConfiguration section */
		10537E291A527D35005E6FE0 /* Debug */ = {
			isa = XCBuildConfiguration;
			buildSettings = {
				ALWAYS_SEARCH_USER_PATHS = NO;
				CLANG_CXX_LANGUAGE_STANDARD = "gnu++0x";
				CLANG_CXX_LIBRARY = "libc++";
				CLANG_ENABLE_MODULES = YES;
				CLANG_ENABLE_OBJC_ARC = YES;
				CLANG_WARN_BOOL_CONVERSION = YES;
				CLANG_WARN_CONSTANT_CONVERSION = YES;
				CLANG_WARN_DIRECT_OBJC_ISA_USAGE = YES_ERROR;
				CLANG_WARN_EMPTY_BODY = YES;
				CLANG_WARN_ENUM_CONVERSION = YES;
				CLANG_WARN_INT_CONVERSION = YES;
				CLANG_WARN_OBJC_ROOT_CLASS = YES_ERROR;
				CLANG_WARN_UNREACHABLE_CODE = YES;
				CLANG_WARN__DUPLICATE_METHOD_MATCH = YES;
				COPY_PHASE_STRIP = NO;
				ENABLE_STRICT_OBJC_MSGSEND = YES;
				GCC_C_LANGUAGE_STANDARD = gnu99;
				GCC_DYNAMIC_NO_PIC = NO;
				GCC_OPTIMIZATION_LEVEL = 0;
				GCC_PREPROCESSOR_DEFINITIONS = (
					"DEBUG=1",
					"$(inherited)",
				);
				GCC_SYMBOLS_PRIVATE_EXTERN = NO;
				GCC_WARN_64_TO_32_BIT_CONVERSION = YES;
				GCC_WARN_ABOUT_RETURN_TYPE = YES_ERROR;
				GCC_WARN_UNDECLARED_SELECTOR = YES;
				GCC_WARN_UNINITIALIZED_AUTOS = YES_AGGRESSIVE;
				GCC_WARN_UNUSED_FUNCTION = YES;
				GCC_WARN_UNUSED_VARIABLE = YES;
				MACOSX_DEPLOYMENT_TARGET = 10.10;
				MTL_ENABLE_DEBUG_INFO = YES;
				ONLY_ACTIVE_ARCH = YES;
				SDKROOT = macosx;
			};
			name = Debug;
		};
		10537E2A1A527D35005E6FE0 /* Release */ = {
			isa = XCBuildConfiguration;
			buildSettings = {
				ALWAYS_SEARCH_USER_PATHS = NO;
				CLANG_CXX_LANGUAGE_STANDARD = "gnu++0x";
				CLANG_CXX_LIBRARY = "libc++";
				CLANG_ENABLE_MODULES = YES;
				CLANG_ENABLE_OBJC_ARC = YES;
				CLANG_WARN_BOOL_CONVERSION = YES;
				CLANG_WARN_CONSTANT_CONVERSION = YES;
				CLANG_WARN_DIRECT_OBJC_ISA_USAGE = YES_ERROR;
				CLANG_WARN_EMPTY_BODY = YES;
				CLANG_WARN_ENUM_CONVERSION = YES;
				CLANG_WARN_INT_CONVERSION = YES;
				CLANG_WARN_OBJC_ROOT_CLASS = YES_ERROR;
				CLANG_WARN_UNREACHABLE_CODE = YES;
				CLANG_WARN__DUPLICATE_METHOD_MATCH = YES;
				COPY_PHASE_STRIP = YES;
				DEBUG_INFORMATION_FORMAT = "dwarf-with-dsym";
				ENABLE_NS_ASSERTIONS = NO;
				ENABLE_STRICT_OBJC_MSGSEND = YES;
				GCC_C_LANGUAGE_STANDARD = gnu99;
				GCC_WARN_64_TO_32_BIT_CONVERSION = YES;
				GCC_WARN_ABOUT_RETURN_TYPE = YES_ERROR;
				GCC_WARN_UNDECLARED_SELECTOR = YES;
				GCC_WARN_UNINITIALIZED_AUTOS = YES_AGGRESSIVE;
				GCC_WARN_UNUSED_FUNCTION = YES;
				GCC_WARN_UNUSED_VARIABLE = YES;
				MACOSX_DEPLOYMENT_TARGET = 10.10;
				MTL_ENABLE_DEBUG_INFO = NO;
				SDKROOT = macosx;
			};
			name = Release;
		};
		10537E2C1A527D35005E6FE0 /* Debug */ = {
			isa = XCBuildConfiguration;
			buildSettings = {
				PRODUCT_NAME = "$(TARGET_NAME)";
			};
			name = Debug;
		};
		10537E2D1A527D35005E6FE0 /* Release */ = {
			isa = XCBuildConfiguration;
			buildSettings = {
				PRODUCT_NAME = "$(TARGET_NAME)";
			};
			name = Release;
		};
/* End XCBuildConfiguration section */

/* Begin XCConfigurationList section */
		10537E1F1A527D34005E6FE0 /* Build configuration list for PBXProject "ALGAlgorithmsEdu" */ = {
			isa = XCConfigurationList;
			buildConfigurations = (
				10537E291A527D35005E6FE0 /* Debug */,
				10537E2A1A527D35005E6FE0 /* Release */,
			);
			defaultConfigurationIsVisible = 0;
			defaultConfigurationName = Release;
		};
		10537E2B1A527D35005E6FE0 /* Build configuration list for PBXNativeTarget "ALGAlgorithmsEdu" */ = {
			isa = XCConfigurationList;
			buildConfigurations = (
				10537E2C1A527D35005E6FE0 /* Debug */,
				10537E2D1A527D35005E6FE0 /* Release */,
			);
			defaultConfigurationIsVisible = 0;
			defaultConfigurationName = Release;
		};
/* End XCConfigurationList section */
	};
	rootObject = 10537E1C1A527D34005E6FE0 /* Project object */;
}
